// !$*UTF8*$!
{
	archiveVersion = 1;
	classes = {
	};
	objectVersion = 51;
	objects = {

/* Begin PBXBuildFile section */
		12A2E9594F73CCC679336A19 /* Pods_MariTechTestAppTests.framework in Frameworks */ = {isa = PBXBuildFile; fileRef = 0E0EE1C7FBD9D57A799D39B5 /* Pods_MariTechTestAppTests.framework */; };
		432641761F23FF7383EACDB1 /* Pods_MariTechTestApp_MariTechTestAppUITests.framework in Frameworks */ = {isa = PBXBuildFile; fileRef = 2AF0D51A9F6DB9291A357980 /* Pods_MariTechTestApp_MariTechTestAppUITests.framework */; };
		6734C1459F83B332CBEEE410 /* Pods_MariTechTestApp.framework in Frameworks */ = {isa = PBXBuildFile; fileRef = 25386F7234AF43A79DFB5363 /* Pods_MariTechTestApp.framework */; };
		DED9B0B825ED436300B637F2 /* AppDelegate.swift in Sources */ = {isa = PBXBuildFile; fileRef = DED9B0B725ED436300B637F2 /* AppDelegate.swift */; };
		DED9B0BA25ED436300B637F2 /* SceneDelegate.swift in Sources */ = {isa = PBXBuildFile; fileRef = DED9B0B925ED436300B637F2 /* SceneDelegate.swift */; };
		DED9B0BC25ED436300B637F2 /* ViewController.swift in Sources */ = {isa = PBXBuildFile; fileRef = DED9B0BB25ED436300B637F2 /* ViewController.swift */; };
		DED9B0BF25ED436300B637F2 /* Main.storyboard in Resources */ = {isa = PBXBuildFile; fileRef = DED9B0BD25ED436300B637F2 /* Main.storyboard */; };
		DED9B0C125ED436800B637F2 /* Assets.xcassets in Resources */ = {isa = PBXBuildFile; fileRef = DED9B0C025ED436800B637F2 /* Assets.xcassets */; };
		DED9B0C425ED436800B637F2 /* LaunchScreen.storyboard in Resources */ = {isa = PBXBuildFile; fileRef = DED9B0C225ED436800B637F2 /* LaunchScreen.storyboard */; };
		DED9B0CF25ED436900B637F2 /* MariTechTestAppTests.swift in Sources */ = {isa = PBXBuildFile; fileRef = DED9B0CE25ED436900B637F2 /* MariTechTestAppTests.swift */; };
		DED9B0DA25ED436900B637F2 /* MariTechTestAppUITests.swift in Sources */ = {isa = PBXBuildFile; fileRef = DED9B0D925ED436900B637F2 /* MariTechTestAppUITests.swift */; };
		DED9B10B25ED481D00B637F2 /* RealmManager.swift in Sources */ = {isa = PBXBuildFile; fileRef = DED9B10A25ED481D00B637F2 /* RealmManager.swift */; };
		DED9B11125ED483E00B637F2 /* PhotoObject.swift in Sources */ = {isa = PBXBuildFile; fileRef = DED9B11025ED483E00B637F2 /* PhotoObject.swift */; };
		DED9B11B25ED4D0D00B637F2 /* NetworkManager.swift in Sources */ = {isa = PBXBuildFile; fileRef = DED9B11625ED4D0D00B637F2 /* NetworkManager.swift */; };
		DED9B11C25ED4D0D00B637F2 /* SearchPhotoObject.swift in Sources */ = {isa = PBXBuildFile; fileRef = DED9B11825ED4D0D00B637F2 /* SearchPhotoObject.swift */; };
		DED9B11D25ED4D0D00B637F2 /* SearchResponse.swift in Sources */ = {isa = PBXBuildFile; fileRef = DED9B11925ED4D0D00B637F2 /* SearchResponse.swift */; };
		DED9B11E25ED4D0D00B637F2 /* Images.swift in Sources */ = {isa = PBXBuildFile; fileRef = DED9B11A25ED4D0D00B637F2 /* Images.swift */; };
		DED9B12425ED4D3A00B637F2 /* MariTechError.swift in Sources */ = {isa = PBXBuildFile; fileRef = DED9B12325ED4D3A00B637F2 /* MariTechError.swift */; };
		DED9B12925ED4DC100B637F2 /* ImageFetchServise.swift in Sources */ = {isa = PBXBuildFile; fileRef = DED9B12825ED4DC100B637F2 /* ImageFetchServise.swift */; };
		DED9B13925ED4E1B00B637F2 /* UIView+Nib.swift in Sources */ = {isa = PBXBuildFile; fileRef = DED9B13725ED4E1A00B637F2 /* UIView+Nib.swift */; };
		DED9B13A25ED4E1B00B637F2 /* UITableView+Register.swift in Sources */ = {isa = PBXBuildFile; fileRef = DED9B13825ED4E1A00B637F2 /* UITableView+Register.swift */; };
/* End PBXBuildFile section */

/* Begin PBXContainerItemProxy section */
		DED9B0CB25ED436900B637F2 /* PBXContainerItemProxy */ = {
			isa = PBXContainerItemProxy;
			containerPortal = DED9B0AC25ED436300B637F2 /* Project object */;
			proxyType = 1;
			remoteGlobalIDString = DED9B0B325ED436300B637F2;
			remoteInfo = MariTechTestApp;
		};
		DED9B0D625ED436900B637F2 /* PBXContainerItemProxy */ = {
			isa = PBXContainerItemProxy;
			containerPortal = DED9B0AC25ED436300B637F2 /* Project object */;
			proxyType = 1;
			remoteGlobalIDString = DED9B0B325ED436300B637F2;
			remoteInfo = MariTechTestApp;
		};
/* End PBXContainerItemProxy section */

/* Begin PBXFileReference section */
		0E0EE1C7FBD9D57A799D39B5 /* Pods_MariTechTestAppTests.framework */ = {isa = PBXFileReference; explicitFileType = wrapper.framework; includeInIndex = 0; path = Pods_MariTechTestAppTests.framework; sourceTree = BUILT_PRODUCTS_DIR; };
		25386F7234AF43A79DFB5363 /* Pods_MariTechTestApp.framework */ = {isa = PBXFileReference; explicitFileType = wrapper.framework; includeInIndex = 0; path = Pods_MariTechTestApp.framework; sourceTree = BUILT_PRODUCTS_DIR; };
		2AF0D51A9F6DB9291A357980 /* Pods_MariTechTestApp_MariTechTestAppUITests.framework */ = {isa = PBXFileReference; explicitFileType = wrapper.framework; includeInIndex = 0; path = Pods_MariTechTestApp_MariTechTestAppUITests.framework; sourceTree = BUILT_PRODUCTS_DIR; };
		463856C583520D6F8736610F /* Pods-MariTechTestApp-MariTechTestAppUITests.debug.xcconfig */ = {isa = PBXFileReference; includeInIndex = 1; lastKnownFileType = text.xcconfig; name = "Pods-MariTechTestApp-MariTechTestAppUITests.debug.xcconfig"; path = "Target Support Files/Pods-MariTechTestApp-MariTechTestAppUITests/Pods-MariTechTestApp-MariTechTestAppUITests.debug.xcconfig"; sourceTree = "<group>"; };
		6A9E8F49E8E0DA1087D0849B /* Pods-MariTechTestApp-MariTechTestAppUITests.release.xcconfig */ = {isa = PBXFileReference; includeInIndex = 1; lastKnownFileType = text.xcconfig; name = "Pods-MariTechTestApp-MariTechTestAppUITests.release.xcconfig"; path = "Target Support Files/Pods-MariTechTestApp-MariTechTestAppUITests/Pods-MariTechTestApp-MariTechTestAppUITests.release.xcconfig"; sourceTree = "<group>"; };
		7CEBBF72B1B1AAA7B2BE8463 /* Pods-MariTechTestAppTests.release.xcconfig */ = {isa = PBXFileReference; includeInIndex = 1; lastKnownFileType = text.xcconfig; name = "Pods-MariTechTestAppTests.release.xcconfig"; path = "Target Support Files/Pods-MariTechTestAppTests/Pods-MariTechTestAppTests.release.xcconfig"; sourceTree = "<group>"; };
		AA377A0ECE02CF465DAA1A75 /* Pods-MariTechTestAppTests.debug.xcconfig */ = {isa = PBXFileReference; includeInIndex = 1; lastKnownFileType = text.xcconfig; name = "Pods-MariTechTestAppTests.debug.xcconfig"; path = "Target Support Files/Pods-MariTechTestAppTests/Pods-MariTechTestAppTests.debug.xcconfig"; sourceTree = "<group>"; };
		C8D4ABDEBCFD13EBB9935BEC /* Pods-MariTechTestApp.debug.xcconfig */ = {isa = PBXFileReference; includeInIndex = 1; lastKnownFileType = text.xcconfig; name = "Pods-MariTechTestApp.debug.xcconfig"; path = "Target Support Files/Pods-MariTechTestApp/Pods-MariTechTestApp.debug.xcconfig"; sourceTree = "<group>"; };
		DC45D18B88D9B92D0D324DBA /* Pods-MariTechTestApp.release.xcconfig */ = {isa = PBXFileReference; includeInIndex = 1; lastKnownFileType = text.xcconfig; name = "Pods-MariTechTestApp.release.xcconfig"; path = "Target Support Files/Pods-MariTechTestApp/Pods-MariTechTestApp.release.xcconfig"; sourceTree = "<group>"; };
		DED9B0B425ED436300B637F2 /* MariTechTestApp.app */ = {isa = PBXFileReference; explicitFileType = wrapper.application; includeInIndex = 0; path = MariTechTestApp.app; sourceTree = BUILT_PRODUCTS_DIR; };
		DED9B0B725ED436300B637F2 /* AppDelegate.swift */ = {isa = PBXFileReference; lastKnownFileType = sourcecode.swift; path = AppDelegate.swift; sourceTree = "<group>"; };
		DED9B0B925ED436300B637F2 /* SceneDelegate.swift */ = {isa = PBXFileReference; lastKnownFileType = sourcecode.swift; path = SceneDelegate.swift; sourceTree = "<group>"; };
		DED9B0BB25ED436300B637F2 /* ViewController.swift */ = {isa = PBXFileReference; lastKnownFileType = sourcecode.swift; path = ViewController.swift; sourceTree = "<group>"; };
		DED9B0BE25ED436300B637F2 /* Base */ = {isa = PBXFileReference; lastKnownFileType = file.storyboard; name = Base; path = Base.lproj/Main.storyboard; sourceTree = "<group>"; };
		DED9B0C025ED436800B637F2 /* Assets.xcassets */ = {isa = PBXFileReference; lastKnownFileType = folder.assetcatalog; path = Assets.xcassets; sourceTree = "<group>"; };
		DED9B0C325ED436800B637F2 /* Base */ = {isa = PBXFileReference; lastKnownFileType = file.storyboard; name = Base; path = Base.lproj/LaunchScreen.storyboard; sourceTree = "<group>"; };
		DED9B0C525ED436800B637F2 /* Info.plist */ = {isa = PBXFileReference; lastKnownFileType = text.plist.xml; path = Info.plist; sourceTree = "<group>"; };
		DED9B0CA25ED436900B637F2 /* MariTechTestAppTests.xctest */ = {isa = PBXFileReference; explicitFileType = wrapper.cfbundle; includeInIndex = 0; path = MariTechTestAppTests.xctest; sourceTree = BUILT_PRODUCTS_DIR; };
		DED9B0CE25ED436900B637F2 /* MariTechTestAppTests.swift */ = {isa = PBXFileReference; lastKnownFileType = sourcecode.swift; path = MariTechTestAppTests.swift; sourceTree = "<group>"; };
		DED9B0D025ED436900B637F2 /* Info.plist */ = {isa = PBXFileReference; lastKnownFileType = text.plist.xml; path = Info.plist; sourceTree = "<group>"; };
		DED9B0D525ED436900B637F2 /* MariTechTestAppUITests.xctest */ = {isa = PBXFileReference; explicitFileType = wrapper.cfbundle; includeInIndex = 0; path = MariTechTestAppUITests.xctest; sourceTree = BUILT_PRODUCTS_DIR; };
		DED9B0D925ED436900B637F2 /* MariTechTestAppUITests.swift */ = {isa = PBXFileReference; lastKnownFileType = sourcecode.swift; path = MariTechTestAppUITests.swift; sourceTree = "<group>"; };
		DED9B0DB25ED436900B637F2 /* Info.plist */ = {isa = PBXFileReference; lastKnownFileType = text.plist.xml; path = Info.plist; sourceTree = "<group>"; };
		DED9B10A25ED481D00B637F2 /* RealmManager.swift */ = {isa = PBXFileReference; fileEncoding = 4; lastKnownFileType = sourcecode.swift; path = RealmManager.swift; sourceTree = "<group>"; };
		DED9B11025ED483E00B637F2 /* PhotoObject.swift */ = {isa = PBXFileReference; fileEncoding = 4; lastKnownFileType = sourcecode.swift; path = PhotoObject.swift; sourceTree = "<group>"; };
		DED9B11625ED4D0D00B637F2 /* NetworkManager.swift */ = {isa = PBXFileReference; fileEncoding = 4; lastKnownFileType = sourcecode.swift; path = NetworkManager.swift; sourceTree = "<group>"; };
		DED9B11825ED4D0D00B637F2 /* SearchPhotoObject.swift */ = {isa = PBXFileReference; fileEncoding = 4; lastKnownFileType = sourcecode.swift; path = SearchPhotoObject.swift; sourceTree = "<group>"; };
		DED9B11925ED4D0D00B637F2 /* SearchResponse.swift */ = {isa = PBXFileReference; fileEncoding = 4; lastKnownFileType = sourcecode.swift; path = SearchResponse.swift; sourceTree = "<group>"; };
		DED9B11A25ED4D0D00B637F2 /* Images.swift */ = {isa = PBXFileReference; fileEncoding = 4; lastKnownFileType = sourcecode.swift; path = Images.swift; sourceTree = "<group>"; };
		DED9B12325ED4D3A00B637F2 /* MariTechError.swift */ = {isa = PBXFileReference; fileEncoding = 4; lastKnownFileType = sourcecode.swift; path = MariTechError.swift; sourceTree = "<group>"; };
		DED9B12825ED4DC100B637F2 /* ImageFetchServise.swift */ = {isa = PBXFileReference; fileEncoding = 4; lastKnownFileType = sourcecode.swift; path = ImageFetchServise.swift; sourceTree = "<group>"; };
		DED9B13725ED4E1A00B637F2 /* UIView+Nib.swift */ = {isa = PBXFileReference; fileEncoding = 4; lastKnownFileType = sourcecode.swift; path = "UIView+Nib.swift"; sourceTree = "<group>"; };
		DED9B13825ED4E1A00B637F2 /* UITableView+Register.swift */ = {isa = PBXFileReference; fileEncoding = 4; lastKnownFileType = sourcecode.swift; path = "UITableView+Register.swift"; sourceTree = "<group>"; };
/* End PBXFileReference section */

/* Begin PBXFrameworksBuildPhase section */
		DED9B0B125ED436300B637F2 /* Frameworks */ = {
			isa = PBXFrameworksBuildPhase;
			buildActionMask = 2147483647;
			files = (
				6734C1459F83B332CBEEE410 /* Pods_MariTechTestApp.framework in Frameworks */,
			);
			runOnlyForDeploymentPostprocessing = 0;
		};
		DED9B0C725ED436900B637F2 /* Frameworks */ = {
			isa = PBXFrameworksBuildPhase;
			buildActionMask = 2147483647;
			files = (
				12A2E9594F73CCC679336A19 /* Pods_MariTechTestAppTests.framework in Frameworks */,
			);
			runOnlyForDeploymentPostprocessing = 0;
		};
		DED9B0D225ED436900B637F2 /* Frameworks */ = {
			isa = PBXFrameworksBuildPhase;
			buildActionMask = 2147483647;
			files = (
				432641761F23FF7383EACDB1 /* Pods_MariTechTestApp_MariTechTestAppUITests.framework in Frameworks */,
			);
			runOnlyForDeploymentPostprocessing = 0;
		};
/* End PBXFrameworksBuildPhase section */

/* Begin PBXGroup section */
		8020C069EC74771B13F65E29 /* Pods */ = {
			isa = PBXGroup;
			children = (
				C8D4ABDEBCFD13EBB9935BEC /* Pods-MariTechTestApp.debug.xcconfig */,
				DC45D18B88D9B92D0D324DBA /* Pods-MariTechTestApp.release.xcconfig */,
				463856C583520D6F8736610F /* Pods-MariTechTestApp-MariTechTestAppUITests.debug.xcconfig */,
				6A9E8F49E8E0DA1087D0849B /* Pods-MariTechTestApp-MariTechTestAppUITests.release.xcconfig */,
				AA377A0ECE02CF465DAA1A75 /* Pods-MariTechTestAppTests.debug.xcconfig */,
				7CEBBF72B1B1AAA7B2BE8463 /* Pods-MariTechTestAppTests.release.xcconfig */,
			);
			path = Pods;
			sourceTree = "<group>";
		};
		A8AF4711882EF8A6B42994DB /* Frameworks */ = {
			isa = PBXGroup;
			children = (
				25386F7234AF43A79DFB5363 /* Pods_MariTechTestApp.framework */,
				2AF0D51A9F6DB9291A357980 /* Pods_MariTechTestApp_MariTechTestAppUITests.framework */,
				0E0EE1C7FBD9D57A799D39B5 /* Pods_MariTechTestAppTests.framework */,
			);
			name = Frameworks;
			sourceTree = "<group>";
		};
		DED9B0AB25ED436200B637F2 = {
			isa = PBXGroup;
			children = (
				DED9B0B625ED436300B637F2 /* MariTechTestApp */,
				DED9B0CD25ED436900B637F2 /* MariTechTestAppTests */,
				DED9B0D825ED436900B637F2 /* MariTechTestAppUITests */,
				DED9B0B525ED436300B637F2 /* Products */,
				8020C069EC74771B13F65E29 /* Pods */,
				A8AF4711882EF8A6B42994DB /* Frameworks */,
			);
			sourceTree = "<group>";
		};
		DED9B0B525ED436300B637F2 /* Products */ = {
			isa = PBXGroup;
			children = (
				DED9B0B425ED436300B637F2 /* MariTechTestApp.app */,
				DED9B0CA25ED436900B637F2 /* MariTechTestAppTests.xctest */,
				DED9B0D525ED436900B637F2 /* MariTechTestAppUITests.xctest */,
			);
			name = Products;
			sourceTree = "<group>";
		};
		DED9B0B625ED436300B637F2 /* MariTechTestApp */ = {
			isa = PBXGroup;
			children = (
				DED9B13625ED4E1A00B637F2 /* Extensions */,
				DED9B12225ED4D3000B637F2 /* Helpers */,
				DED9B10825ED47F800B637F2 /* Servises */,
				DED9B0B725ED436300B637F2 /* AppDelegate.swift */,
				DED9B0B925ED436300B637F2 /* SceneDelegate.swift */,
				DED9B0BB25ED436300B637F2 /* ViewController.swift */,
				DED9B0BD25ED436300B637F2 /* Main.storyboard */,
				DED9B0C025ED436800B637F2 /* Assets.xcassets */,
				DED9B0C225ED436800B637F2 /* LaunchScreen.storyboard */,
				DED9B0C525ED436800B637F2 /* Info.plist */,
			);
			path = MariTechTestApp;
			sourceTree = "<group>";
		};
		DED9B0CD25ED436900B637F2 /* MariTechTestAppTests */ = {
			isa = PBXGroup;
			children = (
				DED9B0CE25ED436900B637F2 /* MariTechTestAppTests.swift */,
				DED9B0D025ED436900B637F2 /* Info.plist */,
			);
			path = MariTechTestAppTests;
			sourceTree = "<group>";
		};
		DED9B0D825ED436900B637F2 /* MariTechTestAppUITests */ = {
			isa = PBXGroup;
			children = (
				DED9B0D925ED436900B637F2 /* MariTechTestAppUITests.swift */,
				DED9B0DB25ED436900B637F2 /* Info.plist */,
			);
			path = MariTechTestAppUITests;
			sourceTree = "<group>";
		};
		DED9B10825ED47F800B637F2 /* Servises */ = {
			isa = PBXGroup;
			children = (
				DED9B12825ED4DC100B637F2 /* ImageFetchServise.swift */,
				DED9B11525ED4D0D00B637F2 /* Network */,
				DED9B10F25ED483E00B637F2 /* Models */,
				DED9B10925ED481D00B637F2 /* Realm */,
			);
			path = Servises;
			sourceTree = "<group>";
		};
		DED9B10925ED481D00B637F2 /* Realm */ = {
			isa = PBXGroup;
			children = (
				DED9B10A25ED481D00B637F2 /* RealmManager.swift */,
			);
			name = Realm;
			path = "MariTechTestApp/New Group/Realm";
			sourceTree = SOURCE_ROOT;
		};
		DED9B10F25ED483E00B637F2 /* Models */ = {
			isa = PBXGroup;
			children = (
				DED9B11025ED483E00B637F2 /* PhotoObject.swift */,
			);
			path = Models;
			sourceTree = "<group>";
		};
		DED9B11525ED4D0D00B637F2 /* Network */ = {
			isa = PBXGroup;
			children = (
				DED9B11625ED4D0D00B637F2 /* NetworkManager.swift */,
				DED9B11725ED4D0D00B637F2 /* Models */,
			);
			path = Network;
			sourceTree = "<group>";
		};
		DED9B11725ED4D0D00B637F2 /* Models */ = {
			isa = PBXGroup;
			children = (
				DED9B11825ED4D0D00B637F2 /* SearchPhotoObject.swift */,
				DED9B11925ED4D0D00B637F2 /* SearchResponse.swift */,
				DED9B11A25ED4D0D00B637F2 /* Images.swift */,
			);
			path = Models;
			sourceTree = "<group>";
		};
		DED9B12225ED4D3000B637F2 /* Helpers */ = {
			isa = PBXGroup;
			children = (
				DED9B12325ED4D3A00B637F2 /* MariTechError.swift */,
			);
			path = Helpers;
			sourceTree = "<group>";
		};
		DED9B13625ED4E1A00B637F2 /* Extensions */ = {
			isa = PBXGroup;
			children = (
				DED9B13725ED4E1A00B637F2 /* UIView+Nib.swift */,
				DED9B13825ED4E1A00B637F2 /* UITableView+Register.swift */,
			);
			path = Extensions;
			sourceTree = "<group>";
		};
/* End PBXGroup section */

/* Begin PBXNativeTarget section */
		DED9B0B325ED436300B637F2 /* MariTechTestApp */ = {
			isa = PBXNativeTarget;
			buildConfigurationList = DED9B0DE25ED436900B637F2 /* Build configuration list for PBXNativeTarget "MariTechTestApp" */;
			buildPhases = (
				4225B0F367672D9B3942E8BA /* [CP] Check Pods Manifest.lock */,
				DED9B0B025ED436300B637F2 /* Sources */,
				DED9B0B125ED436300B637F2 /* Frameworks */,
				DED9B0B225ED436300B637F2 /* Resources */,
				D53452A3D4368B9ACC5C6AF9 /* [CP] Embed Pods Frameworks */,
			);
			buildRules = (
			);
			dependencies = (
			);
			name = MariTechTestApp;
			productName = MariTechTestApp;
			productReference = DED9B0B425ED436300B637F2 /* MariTechTestApp.app */;
			productType = "com.apple.product-type.application";
		};
		DED9B0C925ED436900B637F2 /* MariTechTestAppTests */ = {
			isa = PBXNativeTarget;
			buildConfigurationList = DED9B0E125ED436900B637F2 /* Build configuration list for PBXNativeTarget "MariTechTestAppTests" */;
			buildPhases = (
				79ABB9FE25188D40BF279603 /* [CP] Check Pods Manifest.lock */,
				DED9B0C625ED436900B637F2 /* Sources */,
				DED9B0C725ED436900B637F2 /* Frameworks */,
				DED9B0C825ED436900B637F2 /* Resources */,
			);
			buildRules = (
			);
			dependencies = (
				DED9B0CC25ED436900B637F2 /* PBXTargetDependency */,
			);
			name = MariTechTestAppTests;
			productName = MariTechTestAppTests;
			productReference = DED9B0CA25ED436900B637F2 /* MariTechTestAppTests.xctest */;
			productType = "com.apple.product-type.bundle.unit-test";
		};
		DED9B0D425ED436900B637F2 /* MariTechTestAppUITests */ = {
			isa = PBXNativeTarget;
			buildConfigurationList = DED9B0E425ED436900B637F2 /* Build configuration list for PBXNativeTarget "MariTechTestAppUITests" */;
			buildPhases = (
				7F04F467467F269176D4B155 /* [CP] Check Pods Manifest.lock */,
				DED9B0D125ED436900B637F2 /* Sources */,
				DED9B0D225ED436900B637F2 /* Frameworks */,
				DED9B0D325ED436900B637F2 /* Resources */,
				80B5AF3514FBC2161E067B0C /* [CP] Embed Pods Frameworks */,
			);
			buildRules = (
			);
			dependencies = (
				DED9B0D725ED436900B637F2 /* PBXTargetDependency */,
			);
			name = MariTechTestAppUITests;
			productName = MariTechTestAppUITests;
			productReference = DED9B0D525ED436900B637F2 /* MariTechTestAppUITests.xctest */;
			productType = "com.apple.product-type.bundle.ui-testing";
		};
/* End PBXNativeTarget section */

/* Begin PBXProject section */
		DED9B0AC25ED436300B637F2 /* Project object */ = {
			isa = PBXProject;
			attributes = {
				LastSwiftUpdateCheck = 1240;
				LastUpgradeCheck = 1240;
				TargetAttributes = {
					DED9B0B325ED436300B637F2 = {
						CreatedOnToolsVersion = 12.4;
					};
					DED9B0C925ED436900B637F2 = {
						CreatedOnToolsVersion = 12.4;
						TestTargetID = DED9B0B325ED436300B637F2;
					};
					DED9B0D425ED436900B637F2 = {
						CreatedOnToolsVersion = 12.4;
						TestTargetID = DED9B0B325ED436300B637F2;
					};
				};
			};
			buildConfigurationList = DED9B0AF25ED436300B637F2 /* Build configuration list for PBXProject "MariTechTestApp" */;
			compatibilityVersion = "Xcode 9.3";
			developmentRegion = en;
			hasScannedForEncodings = 0;
			knownRegions = (
				en,
				Base,
			);
			mainGroup = DED9B0AB25ED436200B637F2;
			productRefGroup = DED9B0B525ED436300B637F2 /* Products */;
			projectDirPath = "";
			projectRoot = "";
			targets = (
				DED9B0B325ED436300B637F2 /* MariTechTestApp */,
				DED9B0C925ED436900B637F2 /* MariTechTestAppTests */,
				DED9B0D425ED436900B637F2 /* MariTechTestAppUITests */,
			);
		};
/* End PBXProject section */

/* Begin PBXResourcesBuildPhase section */
		DED9B0B225ED436300B637F2 /* Resources */ = {
			isa = PBXResourcesBuildPhase;
			buildActionMask = 2147483647;
			files = (
				DED9B0C425ED436800B637F2 /* LaunchScreen.storyboard in Resources */,
				DED9B0C125ED436800B637F2 /* Assets.xcassets in Resources */,
				DED9B0BF25ED436300B637F2 /* Main.storyboard in Resources */,
			);
			runOnlyForDeploymentPostprocessing = 0;
		};
		DED9B0C825ED436900B637F2 /* Resources */ = {
			isa = PBXResourcesBuildPhase;
			buildActionMask = 2147483647;
			files = (
			);
			runOnlyForDeploymentPostprocessing = 0;
		};
		DED9B0D325ED436900B637F2 /* Resources */ = {
			isa = PBXResourcesBuildPhase;
			buildActionMask = 2147483647;
			files = (
			);
			runOnlyForDeploymentPostprocessing = 0;
		};
/* End PBXResourcesBuildPhase section */

/* Begin PBXShellScriptBuildPhase section */
		4225B0F367672D9B3942E8BA /* [CP] Check Pods Manifest.lock */ = {
			isa = PBXShellScriptBuildPhase;
			buildActionMask = 2147483647;
			files = (
			);
			inputFileListPaths = (
			);
			inputPaths = (
				"${PODS_PODFILE_DIR_PATH}/Podfile.lock",
				"${PODS_ROOT}/Manifest.lock",
			);
			name = "[CP] Check Pods Manifest.lock";
			outputFileListPaths = (
			);
			outputPaths = (
				"$(DERIVED_FILE_DIR)/Pods-MariTechTestApp-checkManifestLockResult.txt",
			);
			runOnlyForDeploymentPostprocessing = 0;
			shellPath = /bin/sh;
			shellScript = "diff \"${PODS_PODFILE_DIR_PATH}/Podfile.lock\" \"${PODS_ROOT}/Manifest.lock\" > /dev/null\nif [ $? != 0 ] ; then\n    # print error to STDERR\n    echo \"error: The sandbox is not in sync with the Podfile.lock. Run 'pod install' or update your CocoaPods installation.\" >&2\n    exit 1\nfi\n# This output is used by Xcode 'outputs' to avoid re-running this script phase.\necho \"SUCCESS\" > \"${SCRIPT_OUTPUT_FILE_0}\"\n";
			showEnvVarsInLog = 0;
		};
		79ABB9FE25188D40BF279603 /* [CP] Check Pods Manifest.lock */ = {
			isa = PBXShellScriptBuildPhase;
			buildActionMask = 2147483647;
			files = (
			);
			inputFileListPaths = (
			);
			inputPaths = (
				"${PODS_PODFILE_DIR_PATH}/Podfile.lock",
				"${PODS_ROOT}/Manifest.lock",
			);
			name = "[CP] Check Pods Manifest.lock";
			outputFileListPaths = (
			);
			outputPaths = (
				"$(DERIVED_FILE_DIR)/Pods-MariTechTestAppTests-checkManifestLockResult.txt",
			);
			runOnlyForDeploymentPostprocessing = 0;
			shellPath = /bin/sh;
			shellScript = "diff \"${PODS_PODFILE_DIR_PATH}/Podfile.lock\" \"${PODS_ROOT}/Manifest.lock\" > /dev/null\nif [ $? != 0 ] ; then\n    # print error to STDERR\n    echo \"error: The sandbox is not in sync with the Podfile.lock. Run 'pod install' or update your CocoaPods installation.\" >&2\n    exit 1\nfi\n# This output is used by Xcode 'outputs' to avoid re-running this script phase.\necho \"SUCCESS\" > \"${SCRIPT_OUTPUT_FILE_0}\"\n";
			showEnvVarsInLog = 0;
		};
		7F04F467467F269176D4B155 /* [CP] Check Pods Manifest.lock */ = {
			isa = PBXShellScriptBuildPhase;
			buildActionMask = 2147483647;
			files = (
			);
			inputFileListPaths = (
			);
			inputPaths = (
				"${PODS_PODFILE_DIR_PATH}/Podfile.lock",
				"${PODS_ROOT}/Manifest.lock",
			);
			name = "[CP] Check Pods Manifest.lock";
			outputFileListPaths = (
			);
			outputPaths = (
				"$(DERIVED_FILE_DIR)/Pods-MariTechTestApp-MariTechTestAppUITests-checkManifestLockResult.txt",
			);
			runOnlyForDeploymentPostprocessing = 0;
			shellPath = /bin/sh;
			shellScript = "diff \"${PODS_PODFILE_DIR_PATH}/Podfile.lock\" \"${PODS_ROOT}/Manifest.lock\" > /dev/null\nif [ $? != 0 ] ; then\n    # print error to STDERR\n    echo \"error: The sandbox is not in sync with the Podfile.lock. Run 'pod install' or update your CocoaPods installation.\" >&2\n    exit 1\nfi\n# This output is used by Xcode 'outputs' to avoid re-running this script phase.\necho \"SUCCESS\" > \"${SCRIPT_OUTPUT_FILE_0}\"\n";
			showEnvVarsInLog = 0;
		};
		80B5AF3514FBC2161E067B0C /* [CP] Embed Pods Frameworks */ = {
			isa = PBXShellScriptBuildPhase;
			buildActionMask = 2147483647;
			files = (
			);
			inputFileListPaths = (
				"${PODS_ROOT}/Target Support Files/Pods-MariTechTestApp-MariTechTestAppUITests/Pods-MariTechTestApp-MariTechTestAppUITests-frameworks-${CONFIGURATION}-input-files.xcfilelist",
			);
			name = "[CP] Embed Pods Frameworks";
			outputFileListPaths = (
				"${PODS_ROOT}/Target Support Files/Pods-MariTechTestApp-MariTechTestAppUITests/Pods-MariTechTestApp-MariTechTestAppUITests-frameworks-${CONFIGURATION}-output-files.xcfilelist",
			);
			runOnlyForDeploymentPostprocessing = 0;
			shellPath = /bin/sh;
			shellScript = "\"${PODS_ROOT}/Target Support Files/Pods-MariTechTestApp-MariTechTestAppUITests/Pods-MariTechTestApp-MariTechTestAppUITests-frameworks.sh\"\n";
			showEnvVarsInLog = 0;
		};
		D53452A3D4368B9ACC5C6AF9 /* [CP] Embed Pods Frameworks */ = {
			isa = PBXShellScriptBuildPhase;
			buildActionMask = 2147483647;
			files = (
			);
			inputFileListPaths = (
				"${PODS_ROOT}/Target Support Files/Pods-MariTechTestApp/Pods-MariTechTestApp-frameworks-${CONFIGURATION}-input-files.xcfilelist",
			);
			name = "[CP] Embed Pods Frameworks";
			outputFileListPaths = (
				"${PODS_ROOT}/Target Support Files/Pods-MariTechTestApp/Pods-MariTechTestApp-frameworks-${CONFIGURATION}-output-files.xcfilelist",
			);
			runOnlyForDeploymentPostprocessing = 0;
			shellPath = /bin/sh;
			shellScript = "\"${PODS_ROOT}/Target Support Files/Pods-MariTechTestApp/Pods-MariTechTestApp-frameworks.sh\"\n";
			showEnvVarsInLog = 0;
		};
/* End PBXShellScriptBuildPhase section */

/* Begin PBXSourcesBuildPhase section */
		DED9B0B025ED436300B637F2 /* Sources */ = {
			isa = PBXSourcesBuildPhase;
			buildActionMask = 2147483647;
			files = (
				DED9B11B25ED4D0D00B637F2 /* NetworkManager.swift in Sources */,
				DED9B0BC25ED436300B637F2 /* ViewController.swift in Sources */,
				DED9B12925ED4DC100B637F2 /* ImageFetchServise.swift in Sources */,
				DED9B10B25ED481D00B637F2 /* RealmManager.swift in Sources */,
				DED9B11C25ED4D0D00B637F2 /* SearchPhotoObject.swift in Sources */,
				DED9B13A25ED4E1B00B637F2 /* UITableView+Register.swift in Sources */,
				DED9B11E25ED4D0D00B637F2 /* Images.swift in Sources */,
				DED9B11D25ED4D0D00B637F2 /* SearchResponse.swift in Sources */,
				DED9B0B825ED436300B637F2 /* AppDelegate.swift in Sources */,
				DED9B13925ED4E1B00B637F2 /* UIView+Nib.swift in Sources */,
				DED9B12425ED4D3A00B637F2 /* MariTechError.swift in Sources */,
				DED9B0BA25ED436300B637F2 /* SceneDelegate.swift in Sources */,
				DED9B11125ED483E00B637F2 /* PhotoObject.swift in Sources */,
			);
			runOnlyForDeploymentPostprocessing = 0;
		};
		DED9B0C625ED436900B637F2 /* Sources */ = {
			isa = PBXSourcesBuildPhase;
			buildActionMask = 2147483647;
			files = (
				DED9B0CF25ED436900B637F2 /* MariTechTestAppTests.swift in Sources */,
			);
			runOnlyForDeploymentPostprocessing = 0;
		};
		DED9B0D125ED436900B637F2 /* Sources */ = {
			isa = PBXSourcesBuildPhase;
			buildActionMask = 2147483647;
			files = (
				DED9B0DA25ED436900B637F2 /* MariTechTestAppUITests.swift in Sources */,
			);
			runOnlyForDeploymentPostprocessing = 0;
		};
/* End PBXSourcesBuildPhase section */

/* Begin PBXTargetDependency section */
		DED9B0CC25ED436900B637F2 /* PBXTargetDependency */ = {
			isa = PBXTargetDependency;
			target = DED9B0B325ED436300B637F2 /* MariTechTestApp */;
			targetProxy = DED9B0CB25ED436900B637F2 /* PBXContainerItemProxy */;
		};
		DED9B0D725ED436900B637F2 /* PBXTargetDependency */ = {
			isa = PBXTargetDependency;
			target = DED9B0B325ED436300B637F2 /* MariTechTestApp */;
			targetProxy = DED9B0D625ED436900B637F2 /* PBXContainerItemProxy */;
		};
/* End PBXTargetDependency section */

/* Begin PBXVariantGroup section */
		DED9B0BD25ED436300B637F2 /* Main.storyboard */ = {
			isa = PBXVariantGroup;
			children = (
				DED9B0BE25ED436300B637F2 /* Base */,
			);
			name = Main.storyboard;
			sourceTree = "<group>";
		};
		DED9B0C225ED436800B637F2 /* LaunchScreen.storyboard */ = {
			isa = PBXVariantGroup;
			children = (
				DED9B0C325ED436800B637F2 /* Base */,
			);
			name = LaunchScreen.storyboard;
			sourceTree = "<group>";
		};
/* End PBXVariantGroup section */

/* Begin XCBuildConfiguration section */
		DED9B0DC25ED436900B637F2 /* Debug */ = {
			isa = XCBuildConfiguration;
			buildSettings = {
				ALWAYS_SEARCH_USER_PATHS = NO;
				CLANG_ANALYZER_NONNULL = YES;
				CLANG_ANALYZER_NUMBER_OBJECT_CONVERSION = YES_AGGRESSIVE;
				CLANG_CXX_LANGUAGE_STANDARD = "gnu++14";
				CLANG_CXX_LIBRARY = "libc++";
				CLANG_ENABLE_MODULES = YES;
				CLANG_ENABLE_OBJC_ARC = YES;
				CLANG_ENABLE_OBJC_WEAK = YES;
				CLANG_WARN_BLOCK_CAPTURE_AUTORELEASING = YES;
				CLANG_WARN_BOOL_CONVERSION = YES;
				CLANG_WARN_COMMA = YES;
				CLANG_WARN_CONSTANT_CONVERSION = YES;
				CLANG_WARN_DEPRECATED_OBJC_IMPLEMENTATIONS = YES;
				CLANG_WARN_DIRECT_OBJC_ISA_USAGE = YES_ERROR;
				CLANG_WARN_DOCUMENTATION_COMMENTS = YES;
				CLANG_WARN_EMPTY_BODY = YES;
				CLANG_WARN_ENUM_CONVERSION = YES;
				CLANG_WARN_INFINITE_RECURSION = YES;
				CLANG_WARN_INT_CONVERSION = YES;
				CLANG_WARN_NON_LITERAL_NULL_CONVERSION = YES;
				CLANG_WARN_OBJC_IMPLICIT_RETAIN_SELF = YES;
				CLANG_WARN_OBJC_LITERAL_CONVERSION = YES;
				CLANG_WARN_OBJC_ROOT_CLASS = YES_ERROR;
				CLANG_WARN_QUOTED_INCLUDE_IN_FRAMEWORK_HEADER = YES;
				CLANG_WARN_RANGE_LOOP_ANALYSIS = YES;
				CLANG_WARN_STRICT_PROTOTYPES = YES;
				CLANG_WARN_SUSPICIOUS_MOVE = YES;
				CLANG_WARN_UNGUARDED_AVAILABILITY = YES_AGGRESSIVE;
				CLANG_WARN_UNREACHABLE_CODE = YES;
				CLANG_WARN__DUPLICATE_METHOD_MATCH = YES;
				COPY_PHASE_STRIP = NO;
				DEBUG_INFORMATION_FORMAT = dwarf;
				ENABLE_STRICT_OBJC_MSGSEND = YES;
				ENABLE_TESTABILITY = YES;
				GCC_C_LANGUAGE_STANDARD = gnu11;
				GCC_DYNAMIC_NO_PIC = NO;
				GCC_NO_COMMON_BLOCKS = YES;
				GCC_OPTIMIZATION_LEVEL = 0;
				GCC_PREPROCESSOR_DEFINITIONS = (
					"DEBUG=1",
					"$(inherited)",
				);
				GCC_WARN_64_TO_32_BIT_CONVERSION = YES;
				GCC_WARN_ABOUT_RETURN_TYPE = YES_ERROR;
				GCC_WARN_UNDECLARED_SELECTOR = YES;
				GCC_WARN_UNINITIALIZED_AUTOS = YES_AGGRESSIVE;
				GCC_WARN_UNUSED_FUNCTION = YES;
				GCC_WARN_UNUSED_VARIABLE = YES;
				IPHONEOS_DEPLOYMENT_TARGET = 13.4;
				MTL_ENABLE_DEBUG_INFO = INCLUDE_SOURCE;
				MTL_FAST_MATH = YES;
				ONLY_ACTIVE_ARCH = YES;
				SDKROOT = iphoneos;
				SWIFT_ACTIVE_COMPILATION_CONDITIONS = DEBUG;
				SWIFT_OPTIMIZATION_LEVEL = "-Onone";
			};
			name = Debug;
		};
		DED9B0DD25ED436900B637F2 /* Release */ = {
			isa = XCBuildConfiguration;
			buildSettings = {
				ALWAYS_SEARCH_USER_PATHS = NO;
				CLANG_ANALYZER_NONNULL = YES;
				CLANG_ANALYZER_NUMBER_OBJECT_CONVERSION = YES_AGGRESSIVE;
				CLANG_CXX_LANGUAGE_STANDARD = "gnu++14";
				CLANG_CXX_LIBRARY = "libc++";
				CLANG_ENABLE_MODULES = YES;
				CLANG_ENABLE_OBJC_ARC = YES;
				CLANG_ENABLE_OBJC_WEAK = YES;
				CLANG_WARN_BLOCK_CAPTURE_AUTORELEASING = YES;
				CLANG_WARN_BOOL_CONVERSION = YES;
				CLANG_WARN_COMMA = YES;
				CLANG_WARN_CONSTANT_CONVERSION = YES;
				CLANG_WARN_DEPRECATED_OBJC_IMPLEMENTATIONS = YES;
				CLANG_WARN_DIRECT_OBJC_ISA_USAGE = YES_ERROR;
				CLANG_WARN_DOCUMENTATION_COMMENTS = YES;
				CLANG_WARN_EMPTY_BODY = YES;
				CLANG_WARN_ENUM_CONVERSION = YES;
				CLANG_WARN_INFINITE_RECURSION = YES;
				CLANG_WARN_INT_CONVERSION = YES;
				CLANG_WARN_NON_LITERAL_NULL_CONVERSION = YES;
				CLANG_WARN_OBJC_IMPLICIT_RETAIN_SELF = YES;
				CLANG_WARN_OBJC_LITERAL_CONVERSION = YES;
				CLANG_WARN_OBJC_ROOT_CLASS = YES_ERROR;
				CLANG_WARN_QUOTED_INCLUDE_IN_FRAMEWORK_HEADER = YES;
				CLANG_WARN_RANGE_LOOP_ANALYSIS = YES;
				CLANG_WARN_STRICT_PROTOTYPES = YES;
				CLANG_WARN_SUSPICIOUS_MOVE = YES;
				CLANG_WARN_UNGUARDED_AVAILABILITY = YES_AGGRESSIVE;
				CLANG_WARN_UNREACHABLE_CODE = YES;
				CLANG_WARN__DUPLICATE_METHOD_MATCH = YES;
				COPY_PHASE_STRIP = NO;
				DEBUG_INFORMATION_FORMAT = "dwarf-with-dsym";
				ENABLE_NS_ASSERTIONS = NO;
				ENABLE_STRICT_OBJC_MSGSEND = YES;
				GCC_C_LANGUAGE_STANDARD = gnu11;
				GCC_NO_COMMON_BLOCKS = YES;
				GCC_WARN_64_TO_32_BIT_CONVERSION = YES;
				GCC_WARN_ABOUT_RETURN_TYPE = YES_ERROR;
				GCC_WARN_UNDECLARED_SELECTOR = YES;
				GCC_WARN_UNINITIALIZED_AUTOS = YES_AGGRESSIVE;
				GCC_WARN_UNUSED_FUNCTION = YES;
				GCC_WARN_UNUSED_VARIABLE = YES;
				IPHONEOS_DEPLOYMENT_TARGET = 13.4;
				MTL_ENABLE_DEBUG_INFO = NO;
				MTL_FAST_MATH = YES;
				SDKROOT = iphoneos;
				SWIFT_COMPILATION_MODE = wholemodule;
				SWIFT_OPTIMIZATION_LEVEL = "-O";
				VALIDATE_PRODUCT = YES;
			};
			name = Release;
		};
		DED9B0DF25ED436900B637F2 /* Debug */ = {
			isa = XCBuildConfiguration;
			baseConfigurationReference = C8D4ABDEBCFD13EBB9935BEC /* Pods-MariTechTestApp.debug.xcconfig */;
			buildSettings = {
				ASSETCATALOG_COMPILER_APPICON_NAME = AppIcon;
				ASSETCATALOG_COMPILER_GLOBAL_ACCENT_COLOR_NAME = AccentColor;
				CODE_SIGN_STYLE = Automatic;
				DEVELOPMENT_TEAM = 8L4NS6FSJ8;
				INFOPLIST_FILE = MariTechTestApp/Info.plist;
				IPHONEOS_DEPLOYMENT_TARGET = 13.4;
				LD_RUNPATH_SEARCH_PATHS = (
					"$(inherited)",
					"@executable_path/Frameworks",
				);
				PRODUCT_BUNDLE_IDENTIFIER = TestAppMariTech.MariTechTestApp;
				PRODUCT_NAME = "$(TARGET_NAME)";
				SWIFT_VERSION = 5.0;
				TARGETED_DEVICE_FAMILY = 1;
			};
			name = Debug;
		};
		DED9B0E025ED436900B637F2 /* Release */ = {
			isa = XCBuildConfiguration;
			baseConfigurationReference = DC45D18B88D9B92D0D324DBA /* Pods-MariTechTestApp.release.xcconfig */;
			buildSettings = {
				ASSETCATALOG_COMPILER_APPICON_NAME = AppIcon;
				ASSETCATALOG_COMPILER_GLOBAL_ACCENT_COLOR_NAME = AccentColor;
				CODE_SIGN_STYLE = Automatic;
				DEVELOPMENT_TEAM = 8L4NS6FSJ8;
				INFOPLIST_FILE = MariTechTestApp/Info.plist;
				IPHONEOS_DEPLOYMENT_TARGET = 13.4;
				LD_RUNPATH_SEARCH_PATHS = (
					"$(inherited)",
					"@executable_path/Frameworks",
				);
				PRODUCT_BUNDLE_IDENTIFIER = TestAppMariTech.MariTechTestApp;
				PRODUCT_NAME = "$(TARGET_NAME)";
				SWIFT_VERSION = 5.0;
				TARGETED_DEVICE_FAMILY = 1;
			};
			name = Release;
		};
		DED9B0E225ED436900B637F2 /* Debug */ = {
			isa = XCBuildConfiguration;
			baseConfigurationReference = AA377A0ECE02CF465DAA1A75 /* Pods-MariTechTestAppTests.debug.xcconfig */;
			buildSettings = {
				ALWAYS_EMBED_SWIFT_STANDARD_LIBRARIES = YES;
				BUNDLE_LOADER = "$(TEST_HOST)";
				CODE_SIGN_STYLE = Automatic;
				DEVELOPMENT_TEAM = 8L4NS6FSJ8;
				INFOPLIST_FILE = MariTechTestAppTests/Info.plist;
				IPHONEOS_DEPLOYMENT_TARGET = 14.4;
				LD_RUNPATH_SEARCH_PATHS = (
					"$(inherited)",
					"@executable_path/Frameworks",
					"@loader_path/Frameworks",
				);
				PRODUCT_BUNDLE_IDENTIFIER = TestAppMariTech.MariTechTestAppTests;
				PRODUCT_NAME = "$(TARGET_NAME)";
				SWIFT_VERSION = 5.0;
				TARGETED_DEVICE_FAMILY = "1,2";
				TEST_HOST = "$(BUILT_PRODUCTS_DIR)/MariTechTestApp.app/MariTechTestApp";
			};
			name = Debug;
		};
		DED9B0E325ED436900B637F2 /* Release */ = {
			isa = XCBuildConfiguration;
			baseConfigurationReference = 7CEBBF72B1B1AAA7B2BE8463 /* Pods-MariTechTestAppTests.release.xcconfig */;
			buildSettings = {
				ALWAYS_EMBED_SWIFT_STANDARD_LIBRARIES = YES;
				BUNDLE_LOADER = "$(TEST_HOST)";
				CODE_SIGN_STYLE = Automatic;
				DEVELOPMENT_TEAM = 8L4NS6FSJ8;
				INFOPLIST_FILE = MariTechTestAppTests/Info.plist;
				IPHONEOS_DEPLOYMENT_TARGET = 14.4;
				LD_RUNPATH_SEARCH_PATHS = (
					"$(inherited)",
					"@executable_path/Frameworks",
					"@loader_path/Frameworks",
				);
				PRODUCT_BUNDLE_IDENTIFIER = TestAppMariTech.MariTechTestAppTests;
				PRODUCT_NAME = "$(TARGET_NAME)";
				SWIFT_VERSION = 5.0;
				TARGETED_DEVICE_FAMILY = "1,2";
				TEST_HOST = "$(BUILT_PRODUCTS_DIR)/MariTechTestApp.app/MariTechTestApp";
			};
			name = Release;
		};
		DED9B0E525ED436900B637F2 /* Debug */ = {
			isa = XCBuildConfiguration;
			baseConfigurationReference = 463856C583520D6F8736610F /* Pods-MariTechTestApp-MariTechTestAppUITests.debug.xcconfig */;
			buildSettings = {
				ALWAYS_EMBED_SWIFT_STANDARD_LIBRARIES = YES;
				CODE_SIGN_STYLE = Automatic;
				DEVELOPMENT_TEAM = 8L4NS6FSJ8;
				INFOPLIST_FILE = MariTechTestAppUITests/Info.plist;
				LD_RUNPATH_SEARCH_PATHS = (
					"$(inherited)",
					"@executable_path/Frameworks",
					"@loader_path/Frameworks",
				);
				PRODUCT_BUNDLE_IDENTIFIER = TestAppMariTech.MariTechTestAppUITests;
				PRODUCT_NAME = "$(TARGET_NAME)";
				SWIFT_VERSION = 5.0;
				TARGETED_DEVICE_FAMILY = "1,2";
				TEST_TARGET_NAME = MariTechTestApp;
			};
			name = Debug;
		};
		DED9B0E625ED436900B637F2 /* Release */ = {
			isa = XCBuildConfiguration;
			baseConfigurationReference = 6A9E8F49E8E0DA1087D0849B /* Pods-MariTechTestApp-MariTechTestAppUITests.release.xcconfig */;
			buildSettings = {
				ALWAYS_EMBED_SWIFT_STANDARD_LIBRARIES = YES;
				CODE_SIGN_STYLE = Automatic;
				DEVELOPMENT_TEAM = 8L4NS6FSJ8;
				INFOPLIST_FILE = MariTechTestAppUITests/Info.plist;
				LD_RUNPATH_SEARCH_PATHS = (
					"$(inherited)",
					"@executable_path/Frameworks",
					"@loader_path/Frameworks",
				);
				PRODUCT_BUNDLE_IDENTIFIER = TestAppMariTech.MariTechTestAppUITests;
				PRODUCT_NAME = "$(TARGET_NAME)";
				SWIFT_VERSION = 5.0;
				TARGETED_DEVICE_FAMILY = "1,2";
				TEST_TARGET_NAME = MariTechTestApp;
			};
			name = Release;
		};
/* End XCBuildConfiguration section */

/* Begin XCConfigurationList section */
		DED9B0AF25ED436300B637F2 /* Build configuration list for PBXProject "MariTechTestApp" */ = {
			isa = XCConfigurationList;
			buildConfigurations = (
				DED9B0DC25ED436900B637F2 /* Debug */,
				DED9B0DD25ED436900B637F2 /* Release */,
			);
			defaultConfigurationIsVisible = 0;
			defaultConfigurationName = Release;
		};
		DED9B0DE25ED436900B637F2 /* Build configuration list for PBXNativeTarget "MariTechTestApp" */ = {
			isa = XCConfigurationList;
			buildConfigurations = (
				DED9B0DF25ED436900B637F2 /* Debug */,
				DED9B0E025ED436900B637F2 /* Release */,
			);
			defaultConfigurationIsVisible = 0;
			defaultConfigurationName = Release;
		};
		DED9B0E125ED436900B637F2 /* Build configuration list for PBXNativeTarget "MariTechTestAppTests" */ = {
			isa = XCConfigurationList;
			buildConfigurations = (
				DED9B0E225ED436900B637F2 /* Debug */,
				DED9B0E325ED436900B637F2 /* Release */,
			);
			defaultConfigurationIsVisible = 0;
			defaultConfigurationName = Release;
		};
		DED9B0E425ED436900B637F2 /* Build configuration list for PBXNativeTarget "MariTechTestAppUITests" */ = {
			isa = XCConfigurationList;
			buildConfigurations = (
				DED9B0E525ED436900B637F2 /* Debug */,
				DED9B0E625ED436900B637F2 /* Release */,
			);
			defaultConfigurationIsVisible = 0;
			defaultConfigurationName = Release;
		};
/* End XCConfigurationList section */
	};
	rootObject = DED9B0AC25ED436300B637F2 /* Project object */;
}
